
Microsoft Visual Studio Solution File, Format Version 12.00
# Visual Studio Version 16
VisualStudioVersion = 16.0.30523.141
MinimumVisualStudioVersion = 10.0.40219.1
Project("{FAE04EC0-301F-11D3-BF4B-00C04F79EFBC}") = "Project_Name", "Project_Name\Project_Name.csproj", "{E1E1324F-A0C4-4B08-B284-B37AE7A728BD}"
EndProject
Global
	GlobalSection(SolutionConfigurationPlatforms) = preSolution
		Debug|Any CPU = Debug|Any CPU
		Release|Any CPU = Release|Any CPU
	EndGlobalSection
	GlobalSection(ProjectConfigurationPlatforms) = postSolution
		{E1E1324F-A0C4-4B08-B284-B37AE7A728BD}.Debug|Any CPU.ActiveCfg = Debug|Any CPU
		{E1E1324F-A0C4-4B08-B284-B37AE7A728BD}.Debug|Any CPU.Build.0 = Debug|Any CPU
		{E1E1324F-A0C4-4B08-B284-B37AE7A728BD}.Release|Any CPU.ActiveCfg = Release|Any CPU
		{E1E1324F-A0C4-4B08-B284-B37AE7A728BD}.Release|Any CPU.Build.0 = Release|Any CPU
	EndGlobalSection
	GlobalSection(SolutionProperties) = preSolution
		HideSolutionNode = FALSE
	EndGlobalSection
	GlobalSection(ExtensibilityGlobals) = postSolution
		SolutionGuid = {13C2900F-4632-45B2-9249-F61B5B69F462}
	EndGlobalSection
EndGlobal
